{
  "pins" : [
    {
      "identity" : "applovin-max-swift-package",
      "kind" : "remoteSourceControl",
      "location" : "https://github.com/AppLovin/AppLovin-MAX-Swift-Package.git",
      "state" : {
        "revision" : "7d1f730673c437b83fba3eec2dee2dcc6ed46c8a",
        "version" : "13.4.0"
      }
    }
  ],
  "version" : 2
}
